
Microsoft Visual Studio Solution File, Format Version 12.00
# Visual Studio 15
VisualStudioVersion = 15.0.27004.2008
MinimumVisualStudioVersion = 10.0.40219.1
Project("{FAE04EC0-301F-11D3-BF4B-00C04F79EFBC}") = "GPUMonEx", "GPUMonEx.csproj", "{88E6F604-2410-4EC1-9EEF-702F0AE0BC65}"
EndProject
Project("{FAE04EC0-301F-11D3-BF4B-00C04F79EFBC}") = "GPUMonEx.UI", "..\GPUMonEx.UI\GPUMonEx.UI.csproj", "{FD9F6F29-0291-4525-A0C2-5EF6CEADCB2B}"
EndProject
Project("{8BC9CEB8-8B4A-11D0-8D11-00A0C91BC942}") = "GPUMonEx.Driver.D3DKMT", "..\GPUMonEx.Driver.D3DKMT\GPUMonEx.Driver.D3DKMT.vcxproj", "{96924816-2E75-46E3-AE29-C582E22F6E18}"
EndProject
Project("{8BC9CEB8-8B4A-11D0-8D11-00A0C91BC942}") = "GPUMonEx.Driver.NVAPI", "..\GPUMonEx.Driver.NVAPI\GPUMonEx.Driver.NVAPI.vcxproj", "{D9216F41-5FDB-47E2-BDA3-4DED671B5D2E}"
EndProject
Project("{8BC9CEB8-8B4A-11D0-8D11-00A0C91BC942}") = "GPUMonEx.APIHook.Direct3D", "..\GPUMonEx.APIHook.Direct3D\GPUMonEx.APIHook.Direct3D.vcxproj", "{74D8ABA8-7E0D-490F-AF60-C2DEA2A733ED}"
EndProject
Project("{8BC9CEB8-8B4A-11D0-8D11-00A0C91BC942}") = "GPUMonEx.APIHook.OpenGL", "..\GPUMonEx.APIHook.OpenGL\GPUMonEx.APIHook.OpenGL.vcxproj", "{EB818434-1D3F-4A69-A31F-2631D30A513E}"
EndProject
Project("{8BC9CEB8-8B4A-11D0-8D11-00A0C91BC942}") = "GPUMonEx.Driver.AMDGS", "..\GPUMonEx.Driver.AMDGS\GPUMonEx.Driver.AMD.vcxproj", "{D8BD174D-6F99-41A5-86E0-539D9249678C}"
EndProject
Global
	GlobalSection(SolutionConfigurationPlatforms) = preSolution
		Debug|Any CPU = Debug|Any CPU
		Debug|x64 = Debug|x64
		Debug|x86 = Debug|x86
		Release|Any CPU = Release|Any CPU
		Release|x64 = Release|x64
		Release|x86 = Release|x86
	EndGlobalSection
	GlobalSection(ProjectConfigurationPlatforms) = postSolution
		{88E6F604-2410-4EC1-9EEF-702F0AE0BC65}.Debug|Any CPU.ActiveCfg = Debug|Any CPU
		{88E6F604-2410-4EC1-9EEF-702F0AE0BC65}.Debug|Any CPU.Build.0 = Debug|Any CPU
		{88E6F604-2410-4EC1-9EEF-702F0AE0BC65}.Debug|x64.ActiveCfg = Debug|Any CPU
		{88E6F604-2410-4EC1-9EEF-702F0AE0BC65}.Debug|x64.Build.0 = Debug|Any CPU
		{88E6F604-2410-4EC1-9EEF-702F0AE0BC65}.Debug|x86.ActiveCfg = Debug|Any CPU
		{88E6F604-2410-4EC1-9EEF-702F0AE0BC65}.Debug|x86.Build.0 = Debug|Any CPU
		{88E6F604-2410-4EC1-9EEF-702F0AE0BC65}.Release|Any CPU.ActiveCfg = Release|Any CPU
		{88E6F604-2410-4EC1-9EEF-702F0AE0BC65}.Release|Any CPU.Build.0 = Release|Any CPU
		{88E6F604-2410-4EC1-9EEF-702F0AE0BC65}.Release|x64.ActiveCfg = Release|Any CPU
		{88E6F604-2410-4EC1-9EEF-702F0AE0BC65}.Release|x64.Build.0 = Release|Any CPU
		{88E6F604-2410-4EC1-9EEF-702F0AE0BC65}.Release|x86.ActiveCfg = Release|Any CPU
		{88E6F604-2410-4EC1-9EEF-702F0AE0BC65}.Release|x86.Build.0 = Release|Any CPU
		{FD9F6F29-0291-4525-A0C2-5EF6CEADCB2B}.Debug|Any CPU.ActiveCfg = Debug|Any CPU
		{FD9F6F29-0291-4525-A0C2-5EF6CEADCB2B}.Debug|Any CPU.Build.0 = Debug|Any CPU
		{FD9F6F29-0291-4525-A0C2-5EF6CEADCB2B}.Debug|x64.ActiveCfg = Debug|Any CPU
		{FD9F6F29-0291-4525-A0C2-5EF6CEADCB2B}.Debug|x64.Build.0 = Debug|Any CPU
		{FD9F6F29-0291-4525-A0C2-5EF6CEADCB2B}.Debug|x86.ActiveCfg = Debug|Any CPU
		{FD9F6F29-0291-4525-A0C2-5EF6CEADCB2B}.Debug|x86.Build.0 = Debug|Any CPU
		{FD9F6F29-0291-4525-A0C2-5EF6CEADCB2B}.Release|Any CPU.ActiveCfg = Release|Any CPU
		{FD9F6F29-0291-4525-A0C2-5EF6CEADCB2B}.Release|Any CPU.Build.0 = Release|Any CPU
		{FD9F6F29-0291-4525-A0C2-5EF6CEADCB2B}.Release|x64.ActiveCfg = Release|Any CPU
		{FD9F6F29-0291-4525-A0C2-5EF6CEADCB2B}.Release|x64.Build.0 = Release|Any CPU
		{FD9F6F29-0291-4525-A0C2-5EF6CEADCB2B}.Release|x86.ActiveCfg = Release|Any CPU
		{FD9F6F29-0291-4525-A0C2-5EF6CEADCB2B}.Release|x86.Build.0 = Release|Any CPU
		{96924816-2E75-46E3-AE29-C582E22F6E18}.Debug|Any CPU.ActiveCfg = Debug|Win32
		{96924816-2E75-46E3-AE29-C582E22F6E18}.Debug|x64.ActiveCfg = Debug|x64
		{96924816-2E75-46E3-AE29-C582E22F6E18}.Debug|x64.Build.0 = Debug|x64
		{96924816-2E75-46E3-AE29-C582E22F6E18}.Debug|x86.ActiveCfg = Debug|Win32
		{96924816-2E75-46E3-AE29-C582E22F6E18}.Debug|x86.Build.0 = Debug|Win32
		{96924816-2E75-46E3-AE29-C582E22F6E18}.Release|Any CPU.ActiveCfg = Release|Win32
		{96924816-2E75-46E3-AE29-C582E22F6E18}.Release|x64.ActiveCfg = Release|x64
		{96924816-2E75-46E3-AE29-C582E22F6E18}.Release|x64.Build.0 = Release|x64
		{96924816-2E75-46E3-AE29-C582E22F6E18}.Release|x86.ActiveCfg = Release|Win32
		{96924816-2E75-46E3-AE29-C582E22F6E18}.Release|x86.Build.0 = Release|Win32
		{D9216F41-5FDB-47E2-BDA3-4DED671B5D2E}.Debug|Any CPU.ActiveCfg = Debug|Win32
		{D9216F41-5FDB-47E2-BDA3-4DED671B5D2E}.Debug|x64.ActiveCfg = Debug|x64
		{D9216F41-5FDB-47E2-BDA3-4DED671B5D2E}.Debug|x64.Build.0 = Debug|x64
		{D9216F41-5FDB-47E2-BDA3-4DED671B5D2E}.Debug|x86.ActiveCfg = Debug|Win32
		{D9216F41-5FDB-47E2-BDA3-4DED671B5D2E}.Debug|x86.Build.0 = Debug|Win32
		{D9216F41-5FDB-47E2-BDA3-4DED671B5D2E}.Release|Any CPU.ActiveCfg = Release|Win32
		{D9216F41-5FDB-47E2-BDA3-4DED671B5D2E}.Release|x64.ActiveCfg = Release|x64
		{D9216F41-5FDB-47E2-BDA3-4DED671B5D2E}.Release|x64.Build.0 = Release|x64
		{D9216F41-5FDB-47E2-BDA3-4DED671B5D2E}.Release|x86.ActiveCfg = Release|Win32
		{D9216F41-5FDB-47E2-BDA3-4DED671B5D2E}.Release|x86.Build.0 = Release|Win32
		{74D8ABA8-7E0D-490F-AF60-C2DEA2A733ED}.Debug|Any CPU.ActiveCfg = Debug|Win32
		{74D8ABA8-7E0D-490F-AF60-C2DEA2A733ED}.Debug|x64.ActiveCfg = Debug|x64
		{74D8ABA8-7E0D-490F-AF60-C2DEA2A733ED}.Debug|x64.Build.0 = Debug|x64
		{74D8ABA8-7E0D-490F-AF60-C2DEA2A733ED}.Debug|x86.ActiveCfg = Debug|Win32
		{74D8ABA8-7E0D-490F-AF60-C2DEA2A733ED}.Debug|x86.Build.0 = Debug|Win32
		{74D8ABA8-7E0D-490F-AF60-C2DEA2A733ED}.Release|Any CPU.ActiveCfg = Release|Win32
		{74D8ABA8-7E0D-490F-AF60-C2DEA2A733ED}.Release|x64.ActiveCfg = Release|x64
		{74D8ABA8-7E0D-490F-AF60-C2DEA2A733ED}.Release|x64.Build.0 = Release|x64
		{74D8ABA8-7E0D-490F-AF60-C2DEA2A733ED}.Release|x86.ActiveCfg = Release|Win32
		{74D8ABA8-7E0D-490F-AF60-C2DEA2A733ED}.Release|x86.Build.0 = Release|Win32
		{EB818434-1D3F-4A69-A31F-2631D30A513E}.Debug|Any CPU.ActiveCfg = Debug|Win32
		{EB818434-1D3F-4A69-A31F-2631D30A513E}.Debug|x64.ActiveCfg = Debug|x64
		{EB818434-1D3F-4A69-A31F-2631D30A513E}.Debug|x64.Build.0 = Debug|x64
		{EB818434-1D3F-4A69-A31F-2631D30A513E}.Debug|x86.ActiveCfg = Debug|Win32
		{EB818434-1D3F-4A69-A31F-2631D30A513E}.Debug|x86.Build.0 = Debug|Win32
		{EB818434-1D3F-4A69-A31F-2631D30A513E}.Release|Any CPU.ActiveCfg = Release|Win32
		{EB818434-1D3F-4A69-A31F-2631D30A513E}.Release|x64.ActiveCfg = Release|x64
		{EB818434-1D3F-4A69-A31F-2631D30A513E}.Release|x64.Build.0 = Release|x64
		{EB818434-1D3F-4A69-A31F-2631D30A513E}.Release|x86.ActiveCfg = Release|Win32
		{EB818434-1D3F-4A69-A31F-2631D30A513E}.Release|x86.Build.0 = Release|Win32
		{D8BD174D-6F99-41A5-86E0-539D9249678C}.Debug|Any CPU.ActiveCfg = Debug|Win32
		{D8BD174D-6F99-41A5-86E0-539D9249678C}.Debug|x64.ActiveCfg = Debug|x64
		{D8BD174D-6F99-41A5-86E0-539D9249678C}.Debug|x64.Build.0 = Debug|x64
		{D8BD174D-6F99-41A5-86E0-539D9249678C}.Debug|x86.ActiveCfg = Debug|Win32
		{D8BD174D-6F99-41A5-86E0-539D9249678C}.Debug|x86.Build.0 = Debug|Win32
		{D8BD174D-6F99-41A5-86E0-539D9249678C}.Release|Any CPU.ActiveCfg = Release|Win32
		{D8BD174D-6F99-41A5-86E0-539D9249678C}.Release|x64.ActiveCfg = Release|x64
		{D8BD174D-6F99-41A5-86E0-539D9249678C}.Release|x64.Build.0 = Release|x64
		{D8BD174D-6F99-41A5-86E0-539D9249678C}.Release|x86.ActiveCfg = Release|Win32
		{D8BD174D-6F99-41A5-86E0-539D9249678C}.Release|x86.Build.0 = Release|Win32
	EndGlobalSection
	GlobalSection(SolutionProperties) = preSolution
		HideSolutionNode = FALSE
	EndGlobalSection
	GlobalSection(ExtensibilityGlobals) = postSolution
		SolutionGuid = {24902A06-4C3A-4118-977E-18A91DF10021}
	EndGlobalSection
EndGlobal
